
Microsoft Visual Studio Solution File, Format Version 12.00
# Visual Studio Version 16
VisualStudioVersion = 16.0.28803.352
MinimumVisualStudioVersion = 10.0.40219.1
Project("{FAE04EC0-301F-11D3-BF4B-00C04F79EFBC}") = "Project Companion", "Project Companion\Project Companion.csproj", "{B6A08AAE-701F-4DA3-8648-0802B5D96050}"
EndProject
Global
	GlobalSection(SolutionConfigurationPlatforms) = preSolution
		Debug|Any CPU = Debug|Any CPU
		Release|Any CPU = Release|Any CPU
	EndGlobalSection
	GlobalSection(ProjectConfigurationPlatforms) = postSolution
		{B6A08AAE-701F-4DA3-8648-0802B5D96050}.Debug|Any CPU.ActiveCfg = Debug|Any CPU
		{B6A08AAE-701F-4DA3-8648-0802B5D96050}.Debug|Any CPU.Build.0 = Debug|Any CPU
		{B6A08AAE-701F-4DA3-8648-0802B5D96050}.Release|Any CPU.ActiveCfg = Release|Any CPU
		{B6A08AAE-701F-4DA3-8648-0802B5D96050}.Release|Any CPU.Build.0 = Release|Any CPU
	EndGlobalSection
	GlobalSection(SolutionProperties) = preSolution
		HideSolutionNode = FALSE
	EndGlobalSection
	GlobalSection(ExtensibilityGlobals) = postSolution
		SolutionGuid = {35397EA4-30C3-4A5D-91BA-6F8C7A0DDF2E}
	EndGlobalSection
EndGlobal
